{
  "pins" : [
    {
      "identity" : "skip",
      "kind" : "remoteSourceControl",
      "location" : "https://source.skip.tools/skip.git",
      "state" : {
        "revision" : "d065d58b2be4fdf1473e4160e66725d800141e22",
        "version" : "0.10.11"
      }
    },
    {
      "identity" : "skip-foundation",
      "kind" : "remoteSourceControl",
      "location" : "https://source.skip.tools/skip-foundation.git",
      "state" : {
        "revision" : "0a69150209b696e1d544197025b3ec6c6a6477c3",
        "version" : "0.7.4"
      }
    },
    {
      "identity" : "skip-lib",
      "kind" : "remoteSourceControl",
      "location" : "https://source.skip.tools/skip-lib.git",
      "state" : {
        "revision" : "e95b51f376d5b8dfdd1fc8763cf703d3e4b59a08",
        "version" : "0.8.3"
      }
    },
    {
      "identity" : "skip-model",
      "kind" : "remoteSourceControl",
      "location" : "https://source.skip.tools/skip-model.git",
      "state" : {
        "revision" : "589fbaa0516ad6941ebcfab9dea0629531349138",
        "version" : "0.8.2"
      }
    },
    {
      "identity" : "skip-ui",
      "kind" : "remoteSourceControl",
      "location" : "https://source.skip.tools/skip-ui.git",
      "state" : {
        "revision" : "d5a66ebaf73ef8bb5eb389eba76c0491471125f7",
        "version" : "0.12.6"
      }
    },
    {
      "identity" : "skip-unit",
      "kind" : "remoteSourceControl",
      "location" : "https://source.skip.tools/skip-unit.git",
      "state" : {
        "revision" : "8298482f41995c3af10637804fdcf24111399b30",
        "version" : "0.8.2"
      }
    }
  ],
  "version" : 2
}
